
Microsoft Visual Studio Solution File, Format Version 12.00
# Visual Studio Version 17
VisualStudioVersion = 17.13.36105.23
MinimumVisualStudioVersion = 10.0.40219.1
Project("{FAE04EC0-301F-11D3-BF4B-00C04F79EFBC}") = "M003-MVC", "M003-MVC\M003-MVC.csproj", "{F89A8209-E4DB-440A-8C52-4DB0467E7886}"
EndProject
Project("{FAE04EC0-301F-11D3-BF4B-00C04F79EFBC}") = "M004-RazorPages", "M004-RazorPages\M004-RazorPages.csproj", "{4133060F-5967-4417-88FC-A9BA99F3FC03}"
EndProject
Project("{FAE04EC0-301F-11D3-BF4B-00C04F79EFBC}") = "M002-Einfuehrung", "M002-Einfuehrung\M002-Einfuehrung.csproj", "{353BFD6F-624E-49B8-A418-B30FFC4AEAAC}"
EndProject
Project("{FAE04EC0-301F-11D3-BF4B-00C04F79EFBC}") = "M001", "M001\M001.csproj", "{B4E9619E-83DC-4041-ACBE-C9711694F414}"
EndProject
Project("{FAE04EC0-301F-11D3-BF4B-00C04F79EFBC}") = "M005-WeitereGrundlagen", "M005-WeitereGrundlagen\M005-WeitereGrundlagen.csproj", "{FA70F69D-013F-47B8-8FB5-543010F196E7}"
EndProject
Project("{FAE04EC0-301F-11D3-BF4B-00C04F79EFBC}") = "M006-EntityFramework", "M006-EntityFramework\M006-EntityFramework.csproj", "{B4BAC94A-4D82-4965-B18F-F34BAADDECCF}"
EndProject
Project("{FAE04EC0-301F-11D3-BF4B-00C04F79EFBC}") = "M007-ModelBinding", "M007-ModelBinding\M007-ModelBinding.csproj", "{160750F6-3F6C-44CA-B8AD-485830A5D145}"
EndProject
Project("{FAE04EC0-301F-11D3-BF4B-00C04F79EFBC}") = "M000-DataAccess", "M000-DataAccess\M000-DataAccess.csproj", "{D047E5E4-1B74-4C71-8DA8-0DE6659B81DB}"
EndProject
Global
	GlobalSection(SolutionConfigurationPlatforms) = preSolution
		Debug|Any CPU = Debug|Any CPU
		Release|Any CPU = Release|Any CPU
	EndGlobalSection
	GlobalSection(ProjectConfigurationPlatforms) = postSolution
		{F89A8209-E4DB-440A-8C52-4DB0467E7886}.Debug|Any CPU.ActiveCfg = Debug|Any CPU
		{F89A8209-E4DB-440A-8C52-4DB0467E7886}.Debug|Any CPU.Build.0 = Debug|Any CPU
		{F89A8209-E4DB-440A-8C52-4DB0467E7886}.Release|Any CPU.ActiveCfg = Release|Any CPU
		{F89A8209-E4DB-440A-8C52-4DB0467E7886}.Release|Any CPU.Build.0 = Release|Any CPU
		{4133060F-5967-4417-88FC-A9BA99F3FC03}.Debug|Any CPU.ActiveCfg = Debug|Any CPU
		{4133060F-5967-4417-88FC-A9BA99F3FC03}.Debug|Any CPU.Build.0 = Debug|Any CPU
		{4133060F-5967-4417-88FC-A9BA99F3FC03}.Release|Any CPU.ActiveCfg = Release|Any CPU
		{4133060F-5967-4417-88FC-A9BA99F3FC03}.Release|Any CPU.Build.0 = Release|Any CPU
		{353BFD6F-624E-49B8-A418-B30FFC4AEAAC}.Debug|Any CPU.ActiveCfg = Debug|Any CPU
		{353BFD6F-624E-49B8-A418-B30FFC4AEAAC}.Debug|Any CPU.Build.0 = Debug|Any CPU
		{353BFD6F-624E-49B8-A418-B30FFC4AEAAC}.Release|Any CPU.ActiveCfg = Release|Any CPU
		{353BFD6F-624E-49B8-A418-B30FFC4AEAAC}.Release|Any CPU.Build.0 = Release|Any CPU
		{B4E9619E-83DC-4041-ACBE-C9711694F414}.Debug|Any CPU.ActiveCfg = Debug|Any CPU
		{B4E9619E-83DC-4041-ACBE-C9711694F414}.Debug|Any CPU.Build.0 = Debug|Any CPU
		{B4E9619E-83DC-4041-ACBE-C9711694F414}.Release|Any CPU.ActiveCfg = Release|Any CPU
		{B4E9619E-83DC-4041-ACBE-C9711694F414}.Release|Any CPU.Build.0 = Release|Any CPU
		{FA70F69D-013F-47B8-8FB5-543010F196E7}.Debug|Any CPU.ActiveCfg = Debug|Any CPU
		{FA70F69D-013F-47B8-8FB5-543010F196E7}.Debug|Any CPU.Build.0 = Debug|Any CPU
		{FA70F69D-013F-47B8-8FB5-543010F196E7}.Release|Any CPU.ActiveCfg = Release|Any CPU
		{FA70F69D-013F-47B8-8FB5-543010F196E7}.Release|Any CPU.Build.0 = Release|Any CPU
		{B4BAC94A-4D82-4965-B18F-F34BAADDECCF}.Debug|Any CPU.ActiveCfg = Debug|Any CPU
		{B4BAC94A-4D82-4965-B18F-F34BAADDECCF}.Debug|Any CPU.Build.0 = Debug|Any CPU
		{B4BAC94A-4D82-4965-B18F-F34BAADDECCF}.Release|Any CPU.ActiveCfg = Release|Any CPU
		{B4BAC94A-4D82-4965-B18F-F34BAADDECCF}.Release|Any CPU.Build.0 = Release|Any CPU
		{160750F6-3F6C-44CA-B8AD-485830A5D145}.Debug|Any CPU.ActiveCfg = Debug|Any CPU
		{160750F6-3F6C-44CA-B8AD-485830A5D145}.Debug|Any CPU.Build.0 = Debug|Any CPU
		{160750F6-3F6C-44CA-B8AD-485830A5D145}.Release|Any CPU.ActiveCfg = Release|Any CPU
		{160750F6-3F6C-44CA-B8AD-485830A5D145}.Release|Any CPU.Build.0 = Release|Any CPU
		{D047E5E4-1B74-4C71-8DA8-0DE6659B81DB}.Debug|Any CPU.ActiveCfg = Debug|Any CPU
		{D047E5E4-1B74-4C71-8DA8-0DE6659B81DB}.Debug|Any CPU.Build.0 = Debug|Any CPU
		{D047E5E4-1B74-4C71-8DA8-0DE6659B81DB}.Release|Any CPU.ActiveCfg = Release|Any CPU
		{D047E5E4-1B74-4C71-8DA8-0DE6659B81DB}.Release|Any CPU.Build.0 = Release|Any CPU
	EndGlobalSection
	GlobalSection(SolutionProperties) = preSolution
		HideSolutionNode = FALSE
	EndGlobalSection
	GlobalSection(ExtensibilityGlobals) = postSolution
		SolutionGuid = {57770265-F8D8-4F8F-A0FE-93425AB4F7E6}
	EndGlobalSection
EndGlobal
